
Microsoft Visual Studio Solution File, Format Version 12.00
# Visual Studio Version 16
VisualStudioVersion = 16.0.28822.285
MinimumVisualStudioVersion = 10.0.40219.1
Project("{2150E333-8FDC-42A3-9474-1A3956D46DE8}") = "Solution Items", "Solution Items", "{BF9B033A-0E62-4A43-98DC-B737FFD1AD47}"
	ProjectSection(SolutionItems) = preProject
		.editorconfig = .editorconfig
		.gitignore = .gitignore
		CHANGELOG.md = CHANGELOG.md
		src\Directory.Build.props = src\Directory.Build.props
		LICENSE = LICENSE
		README.md = README.md
		RuleSet.ruleset = RuleSet.ruleset
	EndProjectSection
EndProject
Project("{9A19103F-16F7-4668-BE54-9A1E7A4F7556}") = "Common", "src\Common\Common.csproj", "{C475F4AC-ECDB-4CCB-9C64-53DA43D2E287}"
EndProject
Project("{9A19103F-16F7-4668-BE54-9A1E7A4F7556}") = "Common.UnitTests", "src\Common.UnitTests\Common.UnitTests.csproj", "{0201B2D3-DCD0-4425-82AF-11EBBDFC369D}"
EndProject
Project("{9A19103F-16F7-4668-BE54-9A1E7A4F7556}") = "Common.EntityFramework", "src\Common.EntityFramework\Common.EntityFramework.csproj", "{E117449E-1487-4E4D-90AE-449A06425176}"
EndProject
Project("{9A19103F-16F7-4668-BE54-9A1E7A4F7556}") = "_build", "build\_build.csproj", "{9CC16728-99AC-4872-B857-0F220E5AB988}"
EndProject
Project("{9A19103F-16F7-4668-BE54-9A1E7A4F7556}") = "Common.UnitTesting", "src\Common.UnitTesting\Common.UnitTesting.csproj", "{7C5ECF2E-C4C4-4687-8CAB-BB1ADAFBA07E}"
EndProject
Project("{9A19103F-16F7-4668-BE54-9A1E7A4F7556}") = "Common.Html", "src\Common.Html\Common.Html.csproj", "{62D5CD42-3D8F-4662-B60E-78CBAE8C354B}"
EndProject
Project("{9A19103F-16F7-4668-BE54-9A1E7A4F7556}") = "Common.Specifications", "src\Common.Specifications\Common.Specifications.csproj", "{98914974-A29E-43A2-902C-627246E9CCC9}"
EndProject
Project("{9A19103F-16F7-4668-BE54-9A1E7A4F7556}") = "Common.Specifications.IntegrationTests", "src\Common.Specifications.IntegrationTests\Common.Specifications.IntegrationTests.csproj", "{5054E37F-583B-4E48-BDC9-526199911BE5}"
EndProject
Global
	GlobalSection(SolutionConfigurationPlatforms) = preSolution
		Debug|Any CPU = Debug|Any CPU
		Release|Any CPU = Release|Any CPU
	EndGlobalSection
	GlobalSection(ProjectConfigurationPlatforms) = postSolution
		{C475F4AC-ECDB-4CCB-9C64-53DA43D2E287}.Debug|Any CPU.ActiveCfg = Debug|Any CPU
		{C475F4AC-ECDB-4CCB-9C64-53DA43D2E287}.Debug|Any CPU.Build.0 = Debug|Any CPU
		{C475F4AC-ECDB-4CCB-9C64-53DA43D2E287}.Release|Any CPU.ActiveCfg = Release|Any CPU
		{C475F4AC-ECDB-4CCB-9C64-53DA43D2E287}.Release|Any CPU.Build.0 = Release|Any CPU
		{0201B2D3-DCD0-4425-82AF-11EBBDFC369D}.Debug|Any CPU.ActiveCfg = Debug|Any CPU
		{0201B2D3-DCD0-4425-82AF-11EBBDFC369D}.Debug|Any CPU.Build.0 = Debug|Any CPU
		{0201B2D3-DCD0-4425-82AF-11EBBDFC369D}.Release|Any CPU.ActiveCfg = Release|Any CPU
		{0201B2D3-DCD0-4425-82AF-11EBBDFC369D}.Release|Any CPU.Build.0 = Release|Any CPU
		{E117449E-1487-4E4D-90AE-449A06425176}.Debug|Any CPU.ActiveCfg = Debug|Any CPU
		{E117449E-1487-4E4D-90AE-449A06425176}.Debug|Any CPU.Build.0 = Debug|Any CPU
		{E117449E-1487-4E4D-90AE-449A06425176}.Release|Any CPU.ActiveCfg = Release|Any CPU
		{E117449E-1487-4E4D-90AE-449A06425176}.Release|Any CPU.Build.0 = Release|Any CPU
		{9CC16728-99AC-4872-B857-0F220E5AB988}.Debug|Any CPU.ActiveCfg = Debug|Any CPU
		{9CC16728-99AC-4872-B857-0F220E5AB988}.Release|Any CPU.ActiveCfg = Release|Any CPU
		{7C5ECF2E-C4C4-4687-8CAB-BB1ADAFBA07E}.Debug|Any CPU.ActiveCfg = Debug|Any CPU
		{7C5ECF2E-C4C4-4687-8CAB-BB1ADAFBA07E}.Debug|Any CPU.Build.0 = Debug|Any CPU
		{7C5ECF2E-C4C4-4687-8CAB-BB1ADAFBA07E}.Release|Any CPU.ActiveCfg = Release|Any CPU
		{7C5ECF2E-C4C4-4687-8CAB-BB1ADAFBA07E}.Release|Any CPU.Build.0 = Release|Any CPU
		{62D5CD42-3D8F-4662-B60E-78CBAE8C354B}.Debug|Any CPU.ActiveCfg = Debug|Any CPU
		{62D5CD42-3D8F-4662-B60E-78CBAE8C354B}.Debug|Any CPU.Build.0 = Debug|Any CPU
		{62D5CD42-3D8F-4662-B60E-78CBAE8C354B}.Release|Any CPU.ActiveCfg = Release|Any CPU
		{62D5CD42-3D8F-4662-B60E-78CBAE8C354B}.Release|Any CPU.Build.0 = Release|Any CPU
		{98914974-A29E-43A2-902C-627246E9CCC9}.Debug|Any CPU.ActiveCfg = Debug|Any CPU
		{98914974-A29E-43A2-902C-627246E9CCC9}.Debug|Any CPU.Build.0 = Debug|Any CPU
		{98914974-A29E-43A2-902C-627246E9CCC9}.Release|Any CPU.ActiveCfg = Release|Any CPU
		{98914974-A29E-43A2-902C-627246E9CCC9}.Release|Any CPU.Build.0 = Release|Any CPU
		{5054E37F-583B-4E48-BDC9-526199911BE5}.Debug|Any CPU.ActiveCfg = Debug|Any CPU
		{5054E37F-583B-4E48-BDC9-526199911BE5}.Debug|Any CPU.Build.0 = Debug|Any CPU
		{5054E37F-583B-4E48-BDC9-526199911BE5}.Release|Any CPU.ActiveCfg = Release|Any CPU
		{5054E37F-583B-4E48-BDC9-526199911BE5}.Release|Any CPU.Build.0 = Release|Any CPU
	EndGlobalSection
	GlobalSection(SolutionProperties) = preSolution
		HideSolutionNode = FALSE
	EndGlobalSection
	GlobalSection(NestedProjects) = preSolution
		{9CC16728-99AC-4872-B857-0F220E5AB988} = {BF9B033A-0E62-4A43-98DC-B737FFD1AD47}
	EndGlobalSection
	GlobalSection(ExtensibilityGlobals) = postSolution
		SolutionGuid = {E58667A9-72FE-4BE9-998F-F7640FED2AAC}
	EndGlobalSection
EndGlobal
