
Microsoft Visual Studio Solution File, Format Version 12.00
# Visual Studio Version 16
VisualStudioVersion = 16.0.28822.285
MinimumVisualStudioVersion = 10.0.40219.1
Project("{2150E333-8FDC-42A3-9474-1A3956D46DE8}") = "Solution Items", "Solution Items", "{BF9B033A-0E62-4A43-98DC-B737FFD1AD47}"
	ProjectSection(SolutionItems) = preProject
		.gitignore = .gitignore
		appveyor.yml = appveyor.yml
		Directory.Build.props = Directory.Build.props
		LICENSE = LICENSE
		README.md = README.md
	EndProjectSection
EndProject
Project("{9A19103F-16F7-4668-BE54-9A1E7A4F7556}") = "Common", "src\Common\Common.csproj", "{C475F4AC-ECDB-4CCB-9C64-53DA43D2E287}"
EndProject
Project("{9A19103F-16F7-4668-BE54-9A1E7A4F7556}") = "Common.UnitTests", "src\Common.UnitTests\Common.UnitTests.csproj", "{0201B2D3-DCD0-4425-82AF-11EBBDFC369D}"
EndProject
Project("{FAE04EC0-301F-11D3-BF4B-00C04F79EFBC}") = "Common.EntityFramework", "src\Common.EntityFramework\Common.EntityFramework.csproj", "{E117449E-1487-4E4D-90AE-449A06425176}"
EndProject
Project("{9A19103F-16F7-4668-BE54-9A1E7A4F7556}") = "_build", "build\_build.csproj", "{9CC16728-99AC-4872-B857-0F220E5AB988}"
EndProject
Global
	GlobalSection(SolutionConfigurationPlatforms) = preSolution
		Debug|Any CPU = Debug|Any CPU
		Release|Any CPU = Release|Any CPU
	EndGlobalSection
	GlobalSection(ProjectConfigurationPlatforms) = postSolution
		{9CC16728-99AC-4872-B857-0F220E5AB988}.Debug|Any CPU.ActiveCfg = Debug|Any CPU
		{9CC16728-99AC-4872-B857-0F220E5AB988}.Release|Any CPU.ActiveCfg = Release|Any CPU
		{C475F4AC-ECDB-4CCB-9C64-53DA43D2E287}.Debug|Any CPU.ActiveCfg = Debug|Any CPU
		{C475F4AC-ECDB-4CCB-9C64-53DA43D2E287}.Debug|Any CPU.Build.0 = Debug|Any CPU
		{C475F4AC-ECDB-4CCB-9C64-53DA43D2E287}.Release|Any CPU.ActiveCfg = Release|Any CPU
		{C475F4AC-ECDB-4CCB-9C64-53DA43D2E287}.Release|Any CPU.Build.0 = Release|Any CPU
		{0201B2D3-DCD0-4425-82AF-11EBBDFC369D}.Debug|Any CPU.ActiveCfg = Debug|Any CPU
		{0201B2D3-DCD0-4425-82AF-11EBBDFC369D}.Debug|Any CPU.Build.0 = Debug|Any CPU
		{0201B2D3-DCD0-4425-82AF-11EBBDFC369D}.Release|Any CPU.ActiveCfg = Release|Any CPU
		{0201B2D3-DCD0-4425-82AF-11EBBDFC369D}.Release|Any CPU.Build.0 = Release|Any CPU
		{E117449E-1487-4E4D-90AE-449A06425176}.Debug|Any CPU.ActiveCfg = Debug|Any CPU
		{E117449E-1487-4E4D-90AE-449A06425176}.Debug|Any CPU.Build.0 = Debug|Any CPU
		{E117449E-1487-4E4D-90AE-449A06425176}.Release|Any CPU.ActiveCfg = Release|Any CPU
		{E117449E-1487-4E4D-90AE-449A06425176}.Release|Any CPU.Build.0 = Release|Any CPU
	EndGlobalSection
	GlobalSection(SolutionProperties) = preSolution
		HideSolutionNode = FALSE
	EndGlobalSection
	GlobalSection(ExtensibilityGlobals) = postSolution
		SolutionGuid = {E58667A9-72FE-4BE9-998F-F7640FED2AAC}
	EndGlobalSection
EndGlobal
